{
  "version": 4,
  "terraform_version": "1.12.1",
  "serial": 27,
  "lineage": "9f32e65a-7257-5218-bc48-34e3b4ab45d1",
  "outputs": {
    "cluster_name": {
      "value": "observability",
      "type": "string"
    },
    "kubeconfig_command": {
      "value": "aws eks update-kubeconfig --region us-east-1 --name observability",
      "type": "string"
    }
  },
  "resources": [
    {
      "mode": "data",
      "type": "aws_iam_role",
      "name": "eks_cluster_role",
      "provider": "provider[\"registry.terraform.io/hashicorp/aws\"]",
      "instances": [
        {
          "schema_version": 0,
          "attributes": {
            "arn": "arn:aws:iam::448049822603:role/eksClusterRole",
            "assume_role_policy": "{\"Version\":\"2012-10-17\",\"Statement\":[{\"Effect\":\"Allow\",\"Principal\":{\"Service\":\"eks.amazonaws.com\"},\"Action\":\"sts:AssumeRole\"}]}",
            "create_date": "2025-06-22T11:16:39Z",
            "description": "",
            "id": "eksClusterRole",
            "max_session_duration": 3600,
            "name": "eksClusterRole",
            "path": "/",
            "permissions_boundary": "",
            "role_last_used": [
              {
                "last_used_date": "2025-06-22T11:16:46Z",
                "region": "us-east-1"
              }
            ],
            "tags": {},
            "unique_id": "AROAWQUOZXOF46H3IQPCX"
          },
          "sensitive_attributes": [],
          "identity_schema_version": 0
        }
      ]
    },
    {
      "mode": "data",
      "type": "aws_iam_role",
      "name": "eks_node_role",
      "provider": "provider[\"registry.terraform.io/hashicorp/aws\"]",
      "instances": [
        {
          "schema_version": 0,
          "attributes": {
            "arn": "arn:aws:iam::448049822603:role/eksNodeRole",
            "assume_role_policy": "{\"Version\":\"2012-10-17\",\"Statement\":[{\"Effect\":\"Allow\",\"Principal\":{\"Service\":\"ec2.amazonaws.com\"},\"Action\":\"sts:AssumeRole\"}]}",
            "create_date": "2025-06-22T11:16:39Z",
            "description": "",
            "id": "eksNodeRole",
            "max_session_duration": 3600,
            "name": "eksNodeRole",
            "path": "/",
            "permissions_boundary": "",
            "role_last_used": [
              {
                "last_used_date": "",
                "region": ""
              }
            ],
            "tags": {},
            "unique_id": "AROAWQUOZXOFR23RD6N7O"
          },
          "sensitive_attributes": [],
          "identity_schema_version": 0
        }
      ]
    },
    {
      "mode": "data",
      "type": "aws_subnets",
      "name": "default",
      "provider": "provider[\"registry.terraform.io/hashicorp/aws\"]",
      "instances": [
        {
          "schema_version": 0,
          "attributes": {
            "filter": [
              {
                "name": "availability-zone",
                "values": [
                  "us-east-1a",
                  "us-east-1b"
                ]
              },
              {
                "name": "default-for-az",
                "values": [
                  "true"
                ]
              }
            ],
            "id": "us-east-1",
            "ids": [
              "subnet-0b469e6fe5d0ef3e6",
              "subnet-03856a2cae2b5202b"
            ],
            "region": "us-east-1",
            "tags": null,
            "timeouts": null
          },
          "sensitive_attributes": [],
          "identity_schema_version": 0
        }
      ]
    },
    {
      "mode": "managed",
      "type": "aws_eks_cluster",
      "name": "eks",
      "provider": "provider[\"registry.terraform.io/hashicorp/aws\"]",
      "instances": [
        {
          "schema_version": 1,
          "attributes": {
            "access_config": [
              {
                "authentication_mode": "CONFIG_MAP",
                "bootstrap_cluster_creator_admin_permissions": true
              }
            ],
            "arn": "arn:aws:eks:us-east-1:448049822603:cluster/observability",
            "bootstrap_self_managed_addons": true,
            "certificate_authority": [
              {
                "data": "LS0tLS1CRUdJTiBDRVJUSUZJQ0FURS0tLS0tCk1JSURCVENDQWUyZ0F3SUJBZ0lJSXFyTThtdllqbEV3RFFZSktvWklodmNOQVFFTEJRQXdGVEVUTUJFR0ExVUUKQXhNS2EzVmlaWEp1WlhSbGN6QWVGdzB5TlRBMk1qSXhNVFF4TVRCYUZ3MHpOVEEyTWpBeE1UUTJNVEJhTUJVeApFekFSQmdOVkJBTVRDbXQxWW1WeWJtVjBaWE13Z2dFaU1BMEdDU3FHU0liM0RRRUJBUVVBQTRJQkR3QXdnZ0VLCkFvSUJBUUN1VWxlYzcvUnJaMi91ZDV1d3UrQ3IyUnd4Rm00NEN5MW1tU1dpaEZsYnZnVWU5VTdOY0Z1TnVuTEsKSlU4b2JpSGFJNVlScC96L3MwL205TDNldlljRm82SDJrdCtLckZ0ZGYyS0ZiNFhyTmc3Q1VkbXVuL2R4aCswYgp1UnV0TzhRVUFzUUI1NDFKZEtFbXY4U1A4VTJubG52M3JUUVhtaUllb0Y3MHFQKzQ0M0dwNlNCOTU5SU5uV296CnM0d2ZWWmIvV1dQMXU0VmRRaUtqT3lTM29UN0lnRzJiSDhoazFPL0J0UTlqYVVTYllqSEVMSzV0cHBqMjA1M0gKMDNTSi9QaXlXMTVDVmZIc0FnWDFhK050Z1NHcDBHZFd3ZHdaQ05SZE9YUnpDcWJQZkZTSFhWNkQyTlpZLzlDUQphVkpWcFdmTm95QTVOdTRrVWhOZk1DZUdWRkI1QWdNQkFBR2pXVEJYTUE0R0ExVWREd0VCL3dRRUF3SUNwREFQCkJnTlZIUk1CQWY4RUJUQURBUUgvTUIwR0ExVWREZ1FXQkJRNEJIZTVxWElpMkVtUURpRVNURlorUGE2a1hqQVYKQmdOVkhSRUVEakFNZ2dwcmRXSmxjbTVsZEdWek1BMEdDU3FHU0liM0RRRUJDd1VBQTRJQkFRQ3MyTTJnUDg3egpUYm9IWU1DcXYwQVZVM0hDZWVrZVVPY2gvL3JlZjZ1bFlYV2txQmNDTTI5THZnZG5Tbkl2QThPQTJJUEdDOFFKClQ0eEJtUEsxN1N5SGlZOEppRTRKYSsyZm95SThXdnVYZjVsNlRaQ0VVRGVSZ2hNOVdMWDl0LzRYd0VuME5IYS8KMnlUaXF5WE1hdmY1WnlOa29Xck4waFRnQzRya01TSkJPRnJtclN4RVEydC9Xd0c2K2ViYXBzM3R1dWc2QzRheQoreXBiR1YxbWMrMEM1STczaXV0dkJWL1loVDdtVzBiMHRDd2s0dU01L2poZXBCd3l6UWh4U0s1eXpjNFZzR3RnClRYRkpZdWRJUGlrcmR4RkhBKzRUeEw5c00vUldVajh4TXV1aldFYVFPZzUyZHo2TlBTRGJEUmdRV3ZpNkFFNjkKZWV6K3BUYVlRTzJ5Ci0tLS0tRU5EIENFUlRJRklDQVRFLS0tLS0K"
              }
            ],
            "cluster_id": null,
            "compute_config": [],
            "created_at": "2025-06-22T11:41:21Z",
            "enabled_cluster_log_types": null,
            "encryption_config": [],
            "endpoint": "https://3BA2F59CAED76A7C07A0595898F570A6.gr7.us-east-1.eks.amazonaws.com",
            "force_update_version": null,
            "id": "observability",
            "identity": [
              {
                "oidc": [
                  {
                    "issuer": "https://oidc.eks.us-east-1.amazonaws.com/id/3BA2F59CAED76A7C07A0595898F570A6"
                  }
                ]
              }
            ],
            "kubernetes_network_config": [
              {
                "elastic_load_balancing": [
                  {
                    "enabled": false
                  }
                ],
                "ip_family": "ipv4",
                "service_ipv4_cidr": "10.100.0.0/16",
                "service_ipv6_cidr": ""
              }
            ],
            "name": "observability",
            "outpost_config": [],
            "platform_version": "eks.12",
            "region": "us-east-1",
            "remote_network_config": [],
            "role_arn": "arn:aws:iam::448049822603:role/eksClusterRole",
            "status": "ACTIVE",
            "storage_config": [],
            "tags": null,
            "tags_all": {},
            "timeouts": null,
            "upgrade_policy": [
              {
                "support_type": "EXTENDED"
              }
            ],
            "version": "1.32",
            "vpc_config": [
              {
                "cluster_security_group_id": "sg-04b154e8e150a957a",
                "endpoint_private_access": false,
                "endpoint_public_access": true,
                "public_access_cidrs": [
                  "0.0.0.0/0"
                ],
                "security_group_ids": null,
                "subnet_ids": [
                  "subnet-03856a2cae2b5202b",
                  "subnet-0b469e6fe5d0ef3e6"
                ],
                "vpc_id": "vpc-045f4d4ed145effff"
              }
            ],
            "zonal_shift_config": []
          },
          "sensitive_attributes": [],
          "identity_schema_version": 0,
          "private": "eyJlMmJmYjczMC1lY2FhLTExZTYtOGY4OC0zNDM2M2JjN2M0YzAiOnsiY3JlYXRlIjoxODAwMDAwMDAwMDAwLCJkZWxldGUiOjkwMDAwMDAwMDAwMCwidXBkYXRlIjozNjAwMDAwMDAwMDAwfSwic2NoZW1hX3ZlcnNpb24iOiIxIn0=",
          "dependencies": [
            "data.aws_iam_role.eks_cluster_role",
            "data.aws_subnets.default"
          ]
        }
      ]
    },
    {
      "mode": "managed",
      "type": "aws_eks_node_group",
      "name": "node_group",
      "provider": "provider[\"registry.terraform.io/hashicorp/aws\"]",
      "instances": [
        {
          "schema_version": 0,
          "attributes": {
            "ami_type": "AL2023_x86_64_STANDARD",
            "arn": "arn:aws:eks:us-east-1:448049822603:nodegroup/observability/observability-ng-private/0ccbcbbb-e9a3-ca40-90d6-9a4df3a4cc80",
            "capacity_type": "ON_DEMAND",
            "cluster_name": "observability",
            "disk_size": 20,
            "force_update_version": null,
            "id": "observability:observability-ng-private",
            "instance_types": [
              "t3.medium"
            ],
            "labels": null,
            "launch_template": [],
            "node_group_name": "observability-ng-private",
            "node_group_name_prefix": "",
            "node_repair_config": [],
            "node_role_arn": "arn:aws:iam::448049822603:role/eksNodeRole",
            "region": "us-east-1",
            "release_version": "1.32.3-20250610",
            "remote_access": [],
            "resources": [
              {
                "autoscaling_groups": [
                  {
                    "name": "eks-observability-ng-private-0ccbcbbb-e9a3-ca40-90d6-9a4df3a4cc80"
                  }
                ],
                "remote_access_security_group_id": ""
              }
            ],
            "scaling_config": [
              {
                "desired_size": 2,
                "max_size": 3,
                "min_size": 2
              }
            ],
            "status": "ACTIVE",
            "subnet_ids": [
              "subnet-03856a2cae2b5202b",
              "subnet-0b469e6fe5d0ef3e6"
            ],
            "tags": null,
            "tags_all": {},
            "taint": [],
            "timeouts": null,
            "update_config": [
              {
                "max_unavailable": 1,
                "max_unavailable_percentage": 0
              }
            ],
            "version": "1.32"
          },
          "sensitive_attributes": [],
          "identity_schema_version": 0,
          "private": "eyJlMmJmYjczMC1lY2FhLTExZTYtOGY4OC0zNDM2M2JjN2M0YzAiOnsiY3JlYXRlIjozNjAwMDAwMDAwMDAwLCJkZWxldGUiOjM2MDAwMDAwMDAwMDAsInVwZGF0ZSI6MzYwMDAwMDAwMDAwMH19",
          "dependencies": [
            "aws_eks_cluster.eks",
            "data.aws_iam_role.eks_cluster_role",
            "data.aws_iam_role.eks_node_role",
            "data.aws_subnets.default"
          ]
        }
      ]
    }
  ],
  "check_results": null
}
